
Microsoft Visual Studio Solution File, Format Version 12.00
# Visual Studio Version 17
VisualStudioVersion = 17.5.002.0
MinimumVisualStudioVersion = 10.0.40219.1
Project("{9A19103F-16F7-4668-BE54-9A1E7A4F7556}") = "menu", "menu.csproj", "{9BA0E869-899A-4BEB-87A1-C854037F03E7}"
EndProject
Global
	GlobalSection(SolutionConfigurationPlatforms) = preSolution
		Debug|Any CPU = Debug|Any CPU
		Release|Any CPU = Release|Any CPU
	EndGlobalSection
	GlobalSection(ProjectConfigurationPlatforms) = postSolution
		{9BA0E869-899A-4BEB-87A1-C854037F03E7}.Debug|Any CPU.ActiveCfg = Debug|Any CPU
		{9BA0E869-899A-4BEB-87A1-C854037F03E7}.Debug|Any CPU.Build.0 = Debug|Any CPU
		{9BA0E869-899A-4BEB-87A1-C854037F03E7}.Release|Any CPU.ActiveCfg = Release|Any CPU
		{9BA0E869-899A-4BEB-87A1-C854037F03E7}.Release|Any CPU.Build.0 = Release|Any CPU
	EndGlobalSection
	GlobalSection(SolutionProperties) = preSolution
		HideSolutionNode = FALSE
	EndGlobalSection
	GlobalSection(ExtensibilityGlobals) = postSolution
		SolutionGuid = {2BB1A2B1-9080-4118-872A-648FD7618B50}
	EndGlobalSection
EndGlobal
